// !$*UTF8*$!
{
	archiveVersion = 1;
	classes = {
	};
	objectVersion = 77;
	objects = {

/* Begin PBXContainerItemProxy section */
		7C6FC7892CAD8DAB00F33D9E /* PBXContainerItemProxy */ = {
			isa = PBXContainerItemProxy;
			containerPortal = 7C6FC7702CAD8DA900F33D9E /* Project object */;
			proxyType = 1;
			remoteGlobalIDString = 7C6FC7772CAD8DA900F33D9E;
			remoteInfo = GithubActionsTest;
		};
		7C6FC7932CAD8DAB00F33D9E /* PBXContainerItemProxy */ = {
			isa = PBXContainerItemProxy;
			containerPortal = 7C6FC7702CAD8DA900F33D9E /* Project object */;
			proxyType = 1;
			remoteGlobalIDString = 7C6FC7772CAD8DA900F33D9E;
			remoteInfo = GithubActionsTest;
		};
/* End PBXContainerItemProxy section */

/* Begin PBXFileReference section */
		7C6FC7782CAD8DA900F33D9E /* GithubActionsTest.app */ = {isa = PBXFileReference; explicitFileType = wrapper.application; includeInIndex = 0; path = GithubActionsTest.app; sourceTree = BUILT_PRODUCTS_DIR; };
		7C6FC7882CAD8DAB00F33D9E /* GithubActionsTestTests.xctest */ = {isa = PBXFileReference; explicitFileType = wrapper.cfbundle; includeInIndex = 0; path = GithubActionsTestTests.xctest; sourceTree = BUILT_PRODUCTS_DIR; };
		7C6FC7922CAD8DAB00F33D9E /* GithubActionsTestUITests.xctest */ = {isa = PBXFileReference; explicitFileType = wrapper.cfbundle; includeInIndex = 0; path = GithubActionsTestUITests.xctest; sourceTree = BUILT_PRODUCTS_DIR; };
/* End PBXFileReference section */

/* Begin PBXFileSystemSynchronizedRootGroup section */
		7C6FC77A2CAD8DA900F33D9E /* GithubActionsTest */ = {
			isa = PBXFileSystemSynchronizedRootGroup;
			path = GithubActionsTest;
			sourceTree = "<group>";
		};
		7C6FC78B2CAD8DAB00F33D9E /* GithubActionsTestTests */ = {
			isa = PBXFileSystemSynchronizedRootGroup;
			path = GithubActionsTestTests;
			sourceTree = "<group>";
		};
		7C6FC7952CAD8DAB00F33D9E /* GithubActionsTestUITests */ = {
			isa = PBXFileSystemSynchronizedRootGroup;
			path = GithubActionsTestUITests;
			sourceTree = "<group>";
		};
/* End PBXFileSystemSynchronizedRootGroup section */

/* Begin PBXFrameworksBuildPhase section */
		7C6FC7752CAD8DA900F33D9E /* Frameworks */ = {
			isa = PBXFrameworksBuildPhase;
			buildActionMask = 2147483647;
			files = (
			);
			runOnlyForDeploymentPostprocessing = 0;
		};
		7C6FC7852CAD8DAB00F33D9E /* Frameworks */ = {
			isa = PBXFrameworksBuildPhase;
			buildActionMask = 2147483647;
			files = (
			);
			runOnlyForDeploymentPostprocessing = 0;
		};
		7C6FC78F2CAD8DAB00F33D9E /* Frameworks */ = {
			isa = PBXFrameworksBuildPhase;
			buildActionMask = 2147483647;
			files = (
			);
			runOnlyForDeploymentPostprocessing = 0;
		};
/* End PBXFrameworksBuildPhase section */

/* Begin PBXGroup section */
		7C6FC76F2CAD8DA900F33D9E = {
			isa = PBXGroup;
			children = (
				7C6FC77A2CAD8DA900F33D9E /* GithubActionsTest */,
				7C6FC78B2CAD8DAB00F33D9E /* GithubActionsTestTests */,
				7C6FC7952CAD8DAB00F33D9E /* GithubActionsTestUITests */,
				7C6FC7792CAD8DA900F33D9E /* Products */,
			);
			sourceTree = "<group>";
		};
		7C6FC7792CAD8DA900F33D9E /* Products */ = {
			isa = PBXGroup;
			children = (
				7C6FC7782CAD8DA900F33D9E /* GithubActionsTest.app */,
				7C6FC7882CAD8DAB00F33D9E /* GithubActionsTestTests.xctest */,
				7C6FC7922CAD8DAB00F33D9E /* GithubActionsTestUITests.xctest */,
			);
			name = Products;
			sourceTree = "<group>";
		};
/* End PBXGroup section */

/* Begin PBXNativeTarget section */
		7C6FC7772CAD8DA900F33D9E /* GithubActionsTest */ = {
			isa = PBXNativeTarget;
			buildConfigurationList = 7C6FC79C2CAD8DAB00F33D9E /* Build configuration list for PBXNativeTarget "GithubActionsTest" */;
			buildPhases = (
				7C6FC7742CAD8DA900F33D9E /* Sources */,
				7C6FC7752CAD8DA900F33D9E /* Frameworks */,
				7C6FC7762CAD8DA900F33D9E /* Resources */,
			);
			buildRules = (
			);
			dependencies = (
			);
			fileSystemSynchronizedGroups = (
				7C6FC77A2CAD8DA900F33D9E /* GithubActionsTest */,
			);
			name = GithubActionsTest;
			packageProductDependencies = (
			);
			productName = GithubActionsTest;
			productReference = 7C6FC7782CAD8DA900F33D9E /* GithubActionsTest.app */;
			productType = "com.apple.product-type.application";
		};
		7C6FC7872CAD8DAB00F33D9E /* GithubActionsTestTests */ = {
			isa = PBXNativeTarget;
			buildConfigurationList = 7C6FC79F2CAD8DAB00F33D9E /* Build configuration list for PBXNativeTarget "GithubActionsTestTests" */;
			buildPhases = (
				7C6FC7842CAD8DAB00F33D9E /* Sources */,
				7C6FC7852CAD8DAB00F33D9E /* Frameworks */,
				7C6FC7862CAD8DAB00F33D9E /* Resources */,
			);
			buildRules = (
			);
			dependencies = (
				7C6FC78A2CAD8DAB00F33D9E /* PBXTargetDependency */,
			);
			fileSystemSynchronizedGroups = (
				7C6FC78B2CAD8DAB00F33D9E /* GithubActionsTestTests */,
			);
			name = GithubActionsTestTests;
			packageProductDependencies = (
			);
			productName = GithubActionsTestTests;
			productReference = 7C6FC7882CAD8DAB00F33D9E /* GithubActionsTestTests.xctest */;
			productType = "com.apple.product-type.bundle.unit-test";
		};
		7C6FC7912CAD8DAB00F33D9E /* GithubActionsTestUITests */ = {
			isa = PBXNativeTarget;
			buildConfigurationList = 7C6FC7A22CAD8DAB00F33D9E /* Build configuration list for PBXNativeTarget "GithubActionsTestUITests" */;
			buildPhases = (
				7C6FC78E2CAD8DAB00F33D9E /* Sources */,
				7C6FC78F2CAD8DAB00F33D9E /* Frameworks */,
				7C6FC7902CAD8DAB00F33D9E /* Resources */,
			);
			buildRules = (
			);
			dependencies = (
				7C6FC7942CAD8DAB00F33D9E /* PBXTargetDependency */,
			);
			fileSystemSynchronizedGroups = (
				7C6FC7952CAD8DAB00F33D9E /* GithubActionsTestUITests */,
			);
			name = GithubActionsTestUITests;
			packageProductDependencies = (
			);
			productName = GithubActionsTestUITests;
			productReference = 7C6FC7922CAD8DAB00F33D9E /* GithubActionsTestUITests.xctest */;
			productType = "com.apple.product-type.bundle.ui-testing";
		};
/* End PBXNativeTarget section */

/* Begin PBXProject section */
		7C6FC7702CAD8DA900F33D9E /* Project object */ = {
			isa = PBXProject;
			attributes = {
				BuildIndependentTargetsInParallel = 1;
				LastSwiftUpdateCheck = 1600;
				LastUpgradeCheck = 1600;
				TargetAttributes = {
					7C6FC7772CAD8DA900F33D9E = {
						CreatedOnToolsVersion = 16.0;
					};
					7C6FC7872CAD8DAB00F33D9E = {
						CreatedOnToolsVersion = 16.0;
						TestTargetID = 7C6FC7772CAD8DA900F33D9E;
					};
					7C6FC7912CAD8DAB00F33D9E = {
						CreatedOnToolsVersion = 16.0;
						TestTargetID = 7C6FC7772CAD8DA900F33D9E;
					};
				};
			};
			buildConfigurationList = 7C6FC7732CAD8DA900F33D9E /* Build configuration list for PBXProject "GithubActionsTest" */;
			developmentRegion = en;
			hasScannedForEncodings = 0;
			knownRegions = (
				en,
				Base,
			);
			mainGroup = 7C6FC76F2CAD8DA900F33D9E;
			minimizedProjectReferenceProxies = 1;
			preferredProjectObjectVersion = 77;
			productRefGroup = 7C6FC7792CAD8DA900F33D9E /* Products */;
			projectDirPath = "";
			projectRoot = "";
			targets = (
				7C6FC7772CAD8DA900F33D9E /* GithubActionsTest */,
				7C6FC7872CAD8DAB00F33D9E /* GithubActionsTestTests */,
				7C6FC7912CAD8DAB00F33D9E /* GithubActionsTestUITests */,
			);
		};
/* End PBXProject section */

/* Begin PBXResourcesBuildPhase section */
		7C6FC7762CAD8DA900F33D9E /* Resources */ = {
			isa = PBXResourcesBuildPhase;
			buildActionMask = 2147483647;
			files = (
			);
			runOnlyForDeploymentPostprocessing = 0;
		};
		7C6FC7862CAD8DAB00F33D9E /* Resources */ = {
			isa = PBXResourcesBuildPhase;
			buildActionMask = 2147483647;
			files = (
			);
			runOnlyForDeploymentPostprocessing = 0;
		};
		7C6FC7902CAD8DAB00F33D9E /* Resources */ = {
			isa = PBXResourcesBuildPhase;
			buildActionMask = 2147483647;
			files = (
			);
			runOnlyForDeploymentPostprocessing = 0;
		};
/* End PBXResourcesBuildPhase section */

/* Begin PBXSourcesBuildPhase section */
		7C6FC7742CAD8DA900F33D9E /* Sources */ = {
			isa = PBXSourcesBuildPhase;
			buildActionMask = 2147483647;
			files = (
			);
			runOnlyForDeploymentPostprocessing = 0;
		};
		7C6FC7842CAD8DAB00F33D9E /* Sources */ = {
			isa = PBXSourcesBuildPhase;
			buildActionMask = 2147483647;
			files = (
			);
			runOnlyForDeploymentPostprocessing = 0;
		};
		7C6FC78E2CAD8DAB00F33D9E /* Sources */ = {
			isa = PBXSourcesBuildPhase;
			buildActionMask = 2147483647;
			files = (
			);
			runOnlyForDeploymentPostprocessing = 0;
		};
/* End PBXSourcesBuildPhase section */

/* Begin PBXTargetDependency section */
		7C6FC78A2CAD8DAB00F33D9E /* PBXTargetDependency */ = {
			isa = PBXTargetDependency;
			target = 7C6FC7772CAD8DA900F33D9E /* GithubActionsTest */;
			targetProxy = 7C6FC7892CAD8DAB00F33D9E /* PBXContainerItemProxy */;
		};
		7C6FC7942CAD8DAB00F33D9E /* PBXTargetDependency */ = {
			isa = PBXTargetDependency;
			target = 7C6FC7772CAD8DA900F33D9E /* GithubActionsTest */;
			targetProxy = 7C6FC7932CAD8DAB00F33D9E /* PBXContainerItemProxy */;
		};
/* End PBXTargetDependency section */

/* Begin XCBuildConfiguration section */
		7C6FC79A2CAD8DAB00F33D9E /* Debug */ = {
			isa = XCBuildConfiguration;
			buildSettings = {
				ALWAYS_SEARCH_USER_PATHS = NO;
				ASSETCATALOG_COMPILER_GENERATE_SWIFT_ASSET_SYMBOL_EXTENSIONS = YES;
				CLANG_ANALYZER_NONNULL = YES;
				CLANG_ANALYZER_NUMBER_OBJECT_CONVERSION = YES_AGGRESSIVE;
				CLANG_CXX_LANGUAGE_STANDARD = "gnu++20";
				CLANG_ENABLE_MODULES = YES;
				CLANG_ENABLE_OBJC_ARC = YES;
				CLANG_ENABLE_OBJC_WEAK = YES;
				CLANG_WARN_BLOCK_CAPTURE_AUTORELEASING = YES;
				CLANG_WARN_BOOL_CONVERSION = YES;
				CLANG_WARN_COMMA = YES;
				CLANG_WARN_CONSTANT_CONVERSION = YES;
				CLANG_WARN_DEPRECATED_OBJC_IMPLEMENTATIONS = YES;
				CLANG_WARN_DIRECT_OBJC_ISA_USAGE = YES_ERROR;
				CLANG_WARN_DOCUMENTATION_COMMENTS = YES;
				CLANG_WARN_EMPTY_BODY = YES;
				CLANG_WARN_ENUM_CONVERSION = YES;
				CLANG_WARN_INFINITE_RECURSION = YES;
				CLANG_WARN_INT_CONVERSION = YES;
				CLANG_WARN_NON_LITERAL_NULL_CONVERSION = YES;
				CLANG_WARN_OBJC_IMPLICIT_RETAIN_SELF = YES;
				CLANG_WARN_OBJC_LITERAL_CONVERSION = YES;
				CLANG_WARN_OBJC_ROOT_CLASS = YES_ERROR;
				CLANG_WARN_QUOTED_INCLUDE_IN_FRAMEWORK_HEADER = YES;
				CLANG_WARN_RANGE_LOOP_ANALYSIS = YES;
				CLANG_WARN_STRICT_PROTOTYPES = YES;
				CLANG_WARN_SUSPICIOUS_MOVE = YES;
				CLANG_WARN_UNGUARDED_AVAILABILITY = YES_AGGRESSIVE;
				CLANG_WARN_UNREACHABLE_CODE = YES;
				CLANG_WARN__DUPLICATE_METHOD_MATCH = YES;
				COPY_PHASE_STRIP = NO;
				DEBUG_INFORMATION_FORMAT = dwarf;
				ENABLE_STRICT_OBJC_MSGSEND = YES;
				ENABLE_TESTABILITY = YES;
				ENABLE_USER_SCRIPT_SANDBOXING = YES;
				GCC_C_LANGUAGE_STANDARD = gnu17;
				GCC_DYNAMIC_NO_PIC = NO;
				GCC_NO_COMMON_BLOCKS = YES;
				GCC_OPTIMIZATION_LEVEL = 0;
				GCC_PREPROCESSOR_DEFINITIONS = (
					"DEBUG=1",
					"$(inherited)",
				);
				GCC_WARN_64_TO_32_BIT_CONVERSION = YES;
				GCC_WARN_ABOUT_RETURN_TYPE = YES_ERROR;
				GCC_WARN_UNDECLARED_SELECTOR = YES;
				GCC_WARN_UNINITIALIZED_AUTOS = YES_AGGRESSIVE;
				GCC_WARN_UNUSED_FUNCTION = YES;
				GCC_WARN_UNUSED_VARIABLE = YES;
				IPHONEOS_DEPLOYMENT_TARGET = 18.0;
				LOCALIZATION_PREFERS_STRING_CATALOGS = YES;
				MTL_ENABLE_DEBUG_INFO = INCLUDE_SOURCE;
				MTL_FAST_MATH = YES;
				ONLY_ACTIVE_ARCH = YES;
				SDKROOT = iphoneos;
				SWIFT_ACTIVE_COMPILATION_CONDITIONS = "DEBUG $(inherited)";
				SWIFT_OPTIMIZATION_LEVEL = "-Onone";
			};
			name = Debug;
		};
		7C6FC79B2CAD8DAB00F33D9E /* Release */ = {
			isa = XCBuildConfiguration;
			buildSettings = {
				ALWAYS_SEARCH_USER_PATHS = NO;
				ASSETCATALOG_COMPILER_GENERATE_SWIFT_ASSET_SYMBOL_EXTENSIONS = YES;
				CLANG_ANALYZER_NONNULL = YES;
				CLANG_ANALYZER_NUMBER_OBJECT_CONVERSION = YES_AGGRESSIVE;
				CLANG_CXX_LANGUAGE_STANDARD = "gnu++20";
				CLANG_ENABLE_MODULES = YES;
				CLANG_ENABLE_OBJC_ARC = YES;
				CLANG_ENABLE_OBJC_WEAK = YES;
				CLANG_WARN_BLOCK_CAPTURE_AUTORELEASING = YES;
				CLANG_WARN_BOOL_CONVERSION = YES;
				CLANG_WARN_COMMA = YES;
				CLANG_WARN_CONSTANT_CONVERSION = YES;
				CLANG_WARN_DEPRECATED_OBJC_IMPLEMENTATIONS = YES;
				CLANG_WARN_DIRECT_OBJC_ISA_USAGE = YES_ERROR;
				CLANG_WARN_DOCUMENTATION_COMMENTS = YES;
				CLANG_WARN_EMPTY_BODY = YES;
				CLANG_WARN_ENUM_CONVERSION = YES;
				CLANG_WARN_INFINITE_RECURSION = YES;
				CLANG_WARN_INT_CONVERSION = YES;
				CLANG_WARN_NON_LITERAL_NULL_CONVERSION = YES;
				CLANG_WARN_OBJC_IMPLICIT_RETAIN_SELF = YES;
				CLANG_WARN_OBJC_LITERAL_CONVERSION = YES;
				CLANG_WARN_OBJC_ROOT_CLASS = YES_ERROR;
				CLANG_WARN_QUOTED_INCLUDE_IN_FRAMEWORK_HEADER = YES;
				CLANG_WARN_RANGE_LOOP_ANALYSIS = YES;
				CLANG_WARN_STRICT_PROTOTYPES = YES;
				CLANG_WARN_SUSPICIOUS_MOVE = YES;
				CLANG_WARN_UNGUARDED_AVAILABILITY = YES_AGGRESSIVE;
				CLANG_WARN_UNREACHABLE_CODE = YES;
				CLANG_WARN__DUPLICATE_METHOD_MATCH = YES;
				COPY_PHASE_STRIP = NO;
				DEBUG_INFORMATION_FORMAT = "dwarf-with-dsym";
				ENABLE_NS_ASSERTIONS = NO;
				ENABLE_STRICT_OBJC_MSGSEND = YES;
				ENABLE_USER_SCRIPT_SANDBOXING = YES;
				GCC_C_LANGUAGE_STANDARD = gnu17;
				GCC_NO_COMMON_BLOCKS = YES;
				GCC_WARN_64_TO_32_BIT_CONVERSION = YES;
				GCC_WARN_ABOUT_RETURN_TYPE = YES_ERROR;
				GCC_WARN_UNDECLARED_SELECTOR = YES;
				GCC_WARN_UNINITIALIZED_AUTOS = YES_AGGRESSIVE;
				GCC_WARN_UNUSED_FUNCTION = YES;
				GCC_WARN_UNUSED_VARIABLE = YES;
				IPHONEOS_DEPLOYMENT_TARGET = 18.0;
				LOCALIZATION_PREFERS_STRING_CATALOGS = YES;
				MTL_ENABLE_DEBUG_INFO = NO;
				MTL_FAST_MATH = YES;
				SDKROOT = iphoneos;
				SWIFT_COMPILATION_MODE = wholemodule;
				VALIDATE_PRODUCT = YES;
			};
			name = Release;
		};
		7C6FC79D2CAD8DAB00F33D9E /* Debug */ = {
			isa = XCBuildConfiguration;
			buildSettings = {
				ASSETCATALOG_COMPILER_APPICON_NAME = AppIcon;
				ASSETCATALOG_COMPILER_GLOBAL_ACCENT_COLOR_NAME = AccentColor;
				CODE_SIGN_STYLE = Automatic;
				CURRENT_PROJECT_VERSION = 1;
				DEVELOPMENT_ASSET_PATHS = "\"GithubActionsTest/Preview Content\"";
				ENABLE_PREVIEWS = YES;
				GENERATE_INFOPLIST_FILE = YES;
				INFOPLIST_KEY_UIApplicationSceneManifest_Generation = YES;
				INFOPLIST_KEY_UIApplicationSupportsIndirectInputEvents = YES;
				INFOPLIST_KEY_UILaunchScreen_Generation = YES;
				INFOPLIST_KEY_UISupportedInterfaceOrientations_iPad = "UIInterfaceOrientationPortrait UIInterfaceOrientationPortraitUpsideDown UIInterfaceOrientationLandscapeLeft UIInterfaceOrientationLandscapeRight";
				INFOPLIST_KEY_UISupportedInterfaceOrientations_iPhone = "UIInterfaceOrientationPortrait UIInterfaceOrientationLandscapeLeft UIInterfaceOrientationLandscapeRight";
				LD_RUNPATH_SEARCH_PATHS = (
					"$(inherited)",
					"@executable_path/Frameworks",
				);
				MARKETING_VERSION = 1.0;
				PRODUCT_BUNDLE_IDENTIFIER = com.example.GithubActionsTest;
				PRODUCT_NAME = "$(TARGET_NAME)";
				SWIFT_EMIT_LOC_STRINGS = YES;
				SWIFT_VERSION = 5.0;
				TARGETED_DEVICE_FAMILY = "1,2";
			};
			name = Debug;
		};
		7C6FC79E2CAD8DAB00F33D9E /* Release */ = {
			isa = XCBuildConfiguration;
			buildSettings = {
				ASSETCATALOG_COMPILER_APPICON_NAME = AppIcon;
				ASSETCATALOG_COMPILER_GLOBAL_ACCENT_COLOR_NAME = AccentColor;
				CODE_SIGN_STYLE = Automatic;
				CURRENT_PROJECT_VERSION = 1;
				DEVELOPMENT_ASSET_PATHS = "\"GithubActionsTest/Preview Content\"";
				ENABLE_PREVIEWS = YES;
				GENERATE_INFOPLIST_FILE = YES;
				INFOPLIST_KEY_UIApplicationSceneManifest_Generation = YES;
				INFOPLIST_KEY_UIApplicationSupportsIndirectInputEvents = YES;
				INFOPLIST_KEY_UILaunchScreen_Generation = YES;
				INFOPLIST_KEY_UISupportedInterfaceOrientations_iPad = "UIInterfaceOrientationPortrait UIInterfaceOrientationPortraitUpsideDown UIInterfaceOrientationLandscapeLeft UIInterfaceOrientationLandscapeRight";
				INFOPLIST_KEY_UISupportedInterfaceOrientations_iPhone = "UIInterfaceOrientationPortrait UIInterfaceOrientationLandscapeLeft UIInterfaceOrientationLandscapeRight";
				LD_RUNPATH_SEARCH_PATHS = (
					"$(inherited)",
					"@executable_path/Frameworks",
				);
				MARKETING_VERSION = 1.0;
				PRODUCT_BUNDLE_IDENTIFIER = com.example.GithubActionsTest;
				PRODUCT_NAME = "$(TARGET_NAME)";
				SWIFT_EMIT_LOC_STRINGS = YES;
				SWIFT_VERSION = 5.0;
				TARGETED_DEVICE_FAMILY = "1,2";
			};
			name = Release;
		};
		7C6FC7A02CAD8DAB00F33D9E /* Debug */ = {
			isa = XCBuildConfiguration;
			buildSettings = {
				BUNDLE_LOADER = "$(TEST_HOST)";
				CODE_SIGN_STYLE = Automatic;
				CURRENT_PROJECT_VERSION = 1;
				GENERATE_INFOPLIST_FILE = YES;
				IPHONEOS_DEPLOYMENT_TARGET = 18.0;
				MARKETING_VERSION = 1.0;
				PRODUCT_BUNDLE_IDENTIFIER = com.example.GithubActionsTestTests;
				PRODUCT_NAME = "$(TARGET_NAME)";
				SWIFT_EMIT_LOC_STRINGS = NO;
				SWIFT_VERSION = 5.0;
				TARGETED_DEVICE_FAMILY = "1,2";
				TEST_HOST = "$(BUILT_PRODUCTS_DIR)/GithubActionsTest.app/$(BUNDLE_EXECUTABLE_FOLDER_PATH)/GithubActionsTest";
			};
			name = Debug;
		};
		7C6FC7A12CAD8DAB00F33D9E /* Release */ = {
			isa = XCBuildConfiguration;
			buildSettings = {
				BUNDLE_LOADER = "$(TEST_HOST)";
				CODE_SIGN_STYLE = Automatic;
				CURRENT_PROJECT_VERSION = 1;
				GENERATE_INFOPLIST_FILE = YES;
				IPHONEOS_DEPLOYMENT_TARGET = 18.0;
				MARKETING_VERSION = 1.0;
				PRODUCT_BUNDLE_IDENTIFIER = com.example.GithubActionsTestTests;
				PRODUCT_NAME = "$(TARGET_NAME)";
				SWIFT_EMIT_LOC_STRINGS = NO;
				SWIFT_VERSION = 5.0;
				TARGETED_DEVICE_FAMILY = "1,2";
				TEST_HOST = "$(BUILT_PRODUCTS_DIR)/GithubActionsTest.app/$(BUNDLE_EXECUTABLE_FOLDER_PATH)/GithubActionsTest";
			};
			name = Release;
		};
		7C6FC7A32CAD8DAB00F33D9E /* Debug */ = {
			isa = XCBuildConfiguration;
			buildSettings = {
				CODE_SIGN_STYLE = Automatic;
				CURRENT_PROJECT_VERSION = 1;
				GENERATE_INFOPLIST_FILE = YES;
				MARKETING_VERSION = 1.0;
				PRODUCT_BUNDLE_IDENTIFIER = com.example.GithubActionsTestUITests;
				PRODUCT_NAME = "$(TARGET_NAME)";
				SWIFT_EMIT_LOC_STRINGS = NO;
				SWIFT_VERSION = 5.0;
				TARGETED_DEVICE_FAMILY = "1,2";
				TEST_TARGET_NAME = GithubActionsTest;
			};
			name = Debug;
		};
		7C6FC7A42CAD8DAB00F33D9E /* Release */ = {
			isa = XCBuildConfiguration;
			buildSettings = {
				CODE_SIGN_STYLE = Automatic;
				CURRENT_PROJECT_VERSION = 1;
				GENERATE_INFOPLIST_FILE = YES;
				MARKETING_VERSION = 1.0;
				PRODUCT_BUNDLE_IDENTIFIER = com.example.GithubActionsTestUITests;
				PRODUCT_NAME = "$(TARGET_NAME)";
				SWIFT_EMIT_LOC_STRINGS = NO;
				SWIFT_VERSION = 5.0;
				TARGETED_DEVICE_FAMILY = "1,2";
				TEST_TARGET_NAME = GithubActionsTest;
			};
			name = Release;
		};
/* End XCBuildConfiguration section */

/* Begin XCConfigurationList section */
		7C6FC7732CAD8DA900F33D9E /* Build configuration list for PBXProject "GithubActionsTest" */ = {
			isa = XCConfigurationList;
			buildConfigurations = (
				7C6FC79A2CAD8DAB00F33D9E /* Debug */,
				7C6FC79B2CAD8DAB00F33D9E /* Release */,
			);
			defaultConfigurationIsVisible = 0;
			defaultConfigurationName = Release;
		};
		7C6FC79C2CAD8DAB00F33D9E /* Build configuration list for PBXNativeTarget "GithubActionsTest" */ = {
			isa = XCConfigurationList;
			buildConfigurations = (
				7C6FC79D2CAD8DAB00F33D9E /* Debug */,
				7C6FC79E2CAD8DAB00F33D9E /* Release */,
			);
			defaultConfigurationIsVisible = 0;
			defaultConfigurationName = Release;
		};
		7C6FC79F2CAD8DAB00F33D9E /* Build configuration list for PBXNativeTarget "GithubActionsTestTests" */ = {
			isa = XCConfigurationList;
			buildConfigurations = (
				7C6FC7A02CAD8DAB00F33D9E /* Debug */,
				7C6FC7A12CAD8DAB00F33D9E /* Release */,
			);
			defaultConfigurationIsVisible = 0;
			defaultConfigurationName = Release;
		};
		7C6FC7A22CAD8DAB00F33D9E /* Build configuration list for PBXNativeTarget "GithubActionsTestUITests" */ = {
			isa = XCConfigurationList;
			buildConfigurations = (
				7C6FC7A32CAD8DAB00F33D9E /* Debug */,
				7C6FC7A42CAD8DAB00F33D9E /* Release */,
			);
			defaultConfigurationIsVisible = 0;
			defaultConfigurationName = Release;
		};
/* End XCConfigurationList section */
	};
	rootObject = 7C6FC7702CAD8DA900F33D9E /* Project object */;
}
